
Microsoft Visual Studio Solution File, Format Version 12.00
# Visual Studio Version 17
VisualStudioVersion = 17.7.34024.191
MinimumVisualStudioVersion = 10.0.40219.1
Project("{8BC9CEB8-8B4A-11D0-8D11-00A0C91BC942}") = "OOP_lab1", "OOP_lab1\OOP_lab1.vcxproj", "{3DDDE82F-4C31-416F-98EB-B9BFE9179B55}"
EndProject
Project("{8BC9CEB8-8B4A-11D0-8D11-00A0C91BC942}") = "OOP_lab2", "OOP_lab2\OOP_lab2.vcxproj", "{332E3E82-1940-40F6-A18B-89DD1761BE0A}"
EndProject
Project("{8BC9CEB8-8B4A-11D0-8D11-00A0C91BC942}") = "OOP_lab3", "OOP_lab3\OOP_lab3.vcxproj", "{EBC99BAD-55E9-4F17-A8A8-3B1C2BB038E6}"
EndProject
Project("{8BC9CEB8-8B4A-11D0-8D11-00A0C91BC942}") = "OOP_lab4", "OOP_lab4\OOP_lab4.vcxproj", "{8E5BC4F8-F881-41DC-B0EC-B24A988B9179}"
EndProject
Project("{8BC9CEB8-8B4A-11D0-8D11-00A0C91BC942}") = "OOP_lab5", "OOP_lab5\OOP_lab5.vcxproj", "{FAD74DC8-41D7-43C4-AB8A-AB0D3BC1A057}"
EndProject
Project("{8BC9CEB8-8B4A-11D0-8D11-00A0C91BC942}") = "STL_Containers", "STL_Containers\STL_Containers.vcxproj", "{7927A49D-60E4-4806-92A2-B9584971B3B4}"
EndProject
Project("{8BC9CEB8-8B4A-11D0-8D11-00A0C91BC942}") = "Associative_containers", "Associative_containers\Associative_containers.vcxproj", "{9EFBDDCB-C32C-4E3F-8505-8D5CE9138FEB}"
EndProject
Project("{8BC9CEB8-8B4A-11D0-8D11-00A0C91BC942}") = "Container_adapters", "Container_adapters\Container_adapters.vcxproj", "{4236934E-7089-4F71-B6AE-43E131CF666E}"
EndProject
Project("{8BC9CEB8-8B4A-11D0-8D11-00A0C91BC942}") = "design_patterns", "design_patterns\design_patterns.vcxproj", "{C08480E0-53C9-4F9E-82DD-72C479047F83}"
EndProject
Global
	GlobalSection(SolutionConfigurationPlatforms) = preSolution
		Debug|x64 = Debug|x64
		Debug|x86 = Debug|x86
		Release|x64 = Release|x64
		Release|x86 = Release|x86
	EndGlobalSection
	GlobalSection(ProjectConfigurationPlatforms) = postSolution
		{3DDDE82F-4C31-416F-98EB-B9BFE9179B55}.Debug|x64.ActiveCfg = Debug|x64
		{3DDDE82F-4C31-416F-98EB-B9BFE9179B55}.Debug|x64.Build.0 = Debug|x64
		{3DDDE82F-4C31-416F-98EB-B9BFE9179B55}.Debug|x86.ActiveCfg = Debug|Win32
		{3DDDE82F-4C31-416F-98EB-B9BFE9179B55}.Debug|x86.Build.0 = Debug|Win32
		{3DDDE82F-4C31-416F-98EB-B9BFE9179B55}.Release|x64.ActiveCfg = Release|x64
		{3DDDE82F-4C31-416F-98EB-B9BFE9179B55}.Release|x64.Build.0 = Release|x64
		{3DDDE82F-4C31-416F-98EB-B9BFE9179B55}.Release|x86.ActiveCfg = Release|Win32
		{3DDDE82F-4C31-416F-98EB-B9BFE9179B55}.Release|x86.Build.0 = Release|Win32
		{332E3E82-1940-40F6-A18B-89DD1761BE0A}.Debug|x64.ActiveCfg = Debug|x64
		{332E3E82-1940-40F6-A18B-89DD1761BE0A}.Debug|x64.Build.0 = Debug|x64
		{332E3E82-1940-40F6-A18B-89DD1761BE0A}.Debug|x86.ActiveCfg = Debug|Win32
		{332E3E82-1940-40F6-A18B-89DD1761BE0A}.Debug|x86.Build.0 = Debug|Win32
		{332E3E82-1940-40F6-A18B-89DD1761BE0A}.Release|x64.ActiveCfg = Release|x64
		{332E3E82-1940-40F6-A18B-89DD1761BE0A}.Release|x64.Build.0 = Release|x64
		{332E3E82-1940-40F6-A18B-89DD1761BE0A}.Release|x86.ActiveCfg = Release|Win32
		{332E3E82-1940-40F6-A18B-89DD1761BE0A}.Release|x86.Build.0 = Release|Win32
		{EBC99BAD-55E9-4F17-A8A8-3B1C2BB038E6}.Debug|x64.ActiveCfg = Debug|x64
		{EBC99BAD-55E9-4F17-A8A8-3B1C2BB038E6}.Debug|x64.Build.0 = Debug|x64
		{EBC99BAD-55E9-4F17-A8A8-3B1C2BB038E6}.Debug|x86.ActiveCfg = Debug|Win32
		{EBC99BAD-55E9-4F17-A8A8-3B1C2BB038E6}.Debug|x86.Build.0 = Debug|Win32
		{EBC99BAD-55E9-4F17-A8A8-3B1C2BB038E6}.Release|x64.ActiveCfg = Release|x64
		{EBC99BAD-55E9-4F17-A8A8-3B1C2BB038E6}.Release|x64.Build.0 = Release|x64
		{EBC99BAD-55E9-4F17-A8A8-3B1C2BB038E6}.Release|x86.ActiveCfg = Release|Win32
		{EBC99BAD-55E9-4F17-A8A8-3B1C2BB038E6}.Release|x86.Build.0 = Release|Win32
		{8E5BC4F8-F881-41DC-B0EC-B24A988B9179}.Debug|x64.ActiveCfg = Debug|x64
		{8E5BC4F8-F881-41DC-B0EC-B24A988B9179}.Debug|x64.Build.0 = Debug|x64
		{8E5BC4F8-F881-41DC-B0EC-B24A988B9179}.Debug|x86.ActiveCfg = Debug|Win32
		{8E5BC4F8-F881-41DC-B0EC-B24A988B9179}.Debug|x86.Build.0 = Debug|Win32
		{8E5BC4F8-F881-41DC-B0EC-B24A988B9179}.Release|x64.ActiveCfg = Release|x64
		{8E5BC4F8-F881-41DC-B0EC-B24A988B9179}.Release|x64.Build.0 = Release|x64
		{8E5BC4F8-F881-41DC-B0EC-B24A988B9179}.Release|x86.ActiveCfg = Release|Win32
		{8E5BC4F8-F881-41DC-B0EC-B24A988B9179}.Release|x86.Build.0 = Release|Win32
		{FAD74DC8-41D7-43C4-AB8A-AB0D3BC1A057}.Debug|x64.ActiveCfg = Debug|x64
		{FAD74DC8-41D7-43C4-AB8A-AB0D3BC1A057}.Debug|x64.Build.0 = Debug|x64
		{FAD74DC8-41D7-43C4-AB8A-AB0D3BC1A057}.Debug|x86.ActiveCfg = Debug|Win32
		{FAD74DC8-41D7-43C4-AB8A-AB0D3BC1A057}.Debug|x86.Build.0 = Debug|Win32
		{FAD74DC8-41D7-43C4-AB8A-AB0D3BC1A057}.Release|x64.ActiveCfg = Release|x64
		{FAD74DC8-41D7-43C4-AB8A-AB0D3BC1A057}.Release|x64.Build.0 = Release|x64
		{FAD74DC8-41D7-43C4-AB8A-AB0D3BC1A057}.Release|x86.ActiveCfg = Release|Win32
		{FAD74DC8-41D7-43C4-AB8A-AB0D3BC1A057}.Release|x86.Build.0 = Release|Win32
		{7927A49D-60E4-4806-92A2-B9584971B3B4}.Debug|x64.ActiveCfg = Debug|x64
		{7927A49D-60E4-4806-92A2-B9584971B3B4}.Debug|x64.Build.0 = Debug|x64
		{7927A49D-60E4-4806-92A2-B9584971B3B4}.Debug|x86.ActiveCfg = Debug|Win32
		{7927A49D-60E4-4806-92A2-B9584971B3B4}.Debug|x86.Build.0 = Debug|Win32
		{7927A49D-60E4-4806-92A2-B9584971B3B4}.Release|x64.ActiveCfg = Release|x64
		{7927A49D-60E4-4806-92A2-B9584971B3B4}.Release|x64.Build.0 = Release|x64
		{7927A49D-60E4-4806-92A2-B9584971B3B4}.Release|x86.ActiveCfg = Release|Win32
		{7927A49D-60E4-4806-92A2-B9584971B3B4}.Release|x86.Build.0 = Release|Win32
		{9EFBDDCB-C32C-4E3F-8505-8D5CE9138FEB}.Debug|x64.ActiveCfg = Debug|x64
		{9EFBDDCB-C32C-4E3F-8505-8D5CE9138FEB}.Debug|x64.Build.0 = Debug|x64
		{9EFBDDCB-C32C-4E3F-8505-8D5CE9138FEB}.Debug|x86.ActiveCfg = Debug|Win32
		{9EFBDDCB-C32C-4E3F-8505-8D5CE9138FEB}.Debug|x86.Build.0 = Debug|Win32
		{9EFBDDCB-C32C-4E3F-8505-8D5CE9138FEB}.Release|x64.ActiveCfg = Release|x64
		{9EFBDDCB-C32C-4E3F-8505-8D5CE9138FEB}.Release|x64.Build.0 = Release|x64
		{9EFBDDCB-C32C-4E3F-8505-8D5CE9138FEB}.Release|x86.ActiveCfg = Release|Win32
		{9EFBDDCB-C32C-4E3F-8505-8D5CE9138FEB}.Release|x86.Build.0 = Release|Win32
		{4236934E-7089-4F71-B6AE-43E131CF666E}.Debug|x64.ActiveCfg = Debug|x64
		{4236934E-7089-4F71-B6AE-43E131CF666E}.Debug|x64.Build.0 = Debug|x64
		{4236934E-7089-4F71-B6AE-43E131CF666E}.Debug|x86.ActiveCfg = Debug|Win32
		{4236934E-7089-4F71-B6AE-43E131CF666E}.Debug|x86.Build.0 = Debug|Win32
		{4236934E-7089-4F71-B6AE-43E131CF666E}.Release|x64.ActiveCfg = Release|x64
		{4236934E-7089-4F71-B6AE-43E131CF666E}.Release|x64.Build.0 = Release|x64
		{4236934E-7089-4F71-B6AE-43E131CF666E}.Release|x86.ActiveCfg = Release|Win32
		{4236934E-7089-4F71-B6AE-43E131CF666E}.Release|x86.Build.0 = Release|Win32
		{C08480E0-53C9-4F9E-82DD-72C479047F83}.Debug|x64.ActiveCfg = Debug|x64
		{C08480E0-53C9-4F9E-82DD-72C479047F83}.Debug|x64.Build.0 = Debug|x64
		{C08480E0-53C9-4F9E-82DD-72C479047F83}.Debug|x86.ActiveCfg = Debug|Win32
		{C08480E0-53C9-4F9E-82DD-72C479047F83}.Debug|x86.Build.0 = Debug|Win32
		{C08480E0-53C9-4F9E-82DD-72C479047F83}.Release|x64.ActiveCfg = Release|x64
		{C08480E0-53C9-4F9E-82DD-72C479047F83}.Release|x64.Build.0 = Release|x64
		{C08480E0-53C9-4F9E-82DD-72C479047F83}.Release|x86.ActiveCfg = Release|Win32
		{C08480E0-53C9-4F9E-82DD-72C479047F83}.Release|x86.Build.0 = Release|Win32
	EndGlobalSection
	GlobalSection(SolutionProperties) = preSolution
		HideSolutionNode = FALSE
	EndGlobalSection
	GlobalSection(ExtensibilityGlobals) = postSolution
		SolutionGuid = {015E7BE8-0139-41BE-8D3F-0A734EB63D19}
	EndGlobalSection
EndGlobal
